PODS:
  - Flutter (1.0.0)
  - flutter_barcode_scanner (1.0.2):
    - Flutter
  - flutter_inappwebview (0.0.1):
    - Flutter
  - flutter_secure_storage (3.3.1):
    - Flutter
  - flutter_web_auth (0.2.4):
    - Flutter
  - uni_links (0.0.1):
    - Flutter
  - url_launcher (0.0.1):
    - Flutter
  - zendesk (0.0.1):
    - Flutter
    - ZendeskChatSDK
  - ZendeskChatProvidersSDK (2.10.0)
  - ZendeskChatSDK (2.10.0):
    - ZendeskChatProvidersSDK (~> 2.10.0)
    - ZendeskMessagingSDK (~> 3.8.1)
  - ZendeskCommonUISDK (6.1.0)
  - ZendeskMessagingAPISDK (3.8.1):
    - ZendeskSDKConfigurationsSDK (~> 1.1.7)
  - ZendeskMessagingSDK (3.8.1):
    - ZendeskCommonUISDK (~> 6.1.0)
    - ZendeskMessagingAPISDK (~> 3.8.1)
  - ZendeskSDKConfigurationsSDK (1.1.7)

DEPENDENCIES:
  - Flutter (from `Flutter`)
  - flutter_barcode_scanner (from `.symlinks/plugins/flutter_barcode_scanner/ios`)
  - flutter_inappwebview (from `.symlinks/plugins/flutter_inappwebview/ios`)
  - flutter_secure_storage (from `.symlinks/plugins/flutter_secure_storage/ios`)
  - flutter_web_auth (from `.symlinks/plugins/flutter_web_auth/ios`)
  - uni_links (from `.symlinks/plugins/uni_links/ios`)
  - url_launcher (from `.symlinks/plugins/url_launcher/ios`)
  - zendesk (from `.symlinks/plugins/zendesk/ios`)

SPEC REPOS:
  trunk:
    - ZendeskChatProvidersSDK
    - ZendeskChatSDK
    - ZendeskCommonUISDK
    - ZendeskMessagingAPISDK
    - ZendeskMessagingSDK
    - ZendeskSDKConfigurationsSDK

EXTERNAL SOURCES:
  Flutter:
    :path: Flutter
  flutter_barcode_scanner:
    :path: ".symlinks/plugins/flutter_barcode_scanner/ios"
  flutter_inappwebview:
    :path: ".symlinks/plugins/flutter_inappwebview/ios"
  flutter_secure_storage:
    :path: ".symlinks/plugins/flutter_secure_storage/ios"
  flutter_web_auth:
    :path: ".symlinks/plugins/flutter_web_auth/ios"
  uni_links:
    :path: ".symlinks/plugins/uni_links/ios"
  url_launcher:
    :path: ".symlinks/plugins/url_launcher/ios"
  zendesk:
    :path: ".symlinks/plugins/zendesk/ios"

SPEC CHECKSUMS:
  Flutter: 0e3d915762c693b495b44d77113d4970485de6ec
  flutter_barcode_scanner: fc42adac0732eca7bd9d3d676b215bce5903f269
  flutter_inappwebview: 69dfbac46157b336ffbec19ca6dfd4638c7bf189
  flutter_secure_storage: 7953c38a04c3fdbb00571bcd87d8e3b5ceb9daec
  flutter_web_auth: b7465086188ce4413d7e8b23622583784b9007a7
  uni_links: d97da20c7701486ba192624d99bffaaffcfc298a
  url_launcher: 6fef411d543ceb26efce54b05a0a40bfd74cbbef
  zendesk: 5e2053d220907e9c2857b9547f40ff3a3a1b3998
  ZendeskChatProvidersSDK: dcda37575fba7ae503f3dc03313424ef1b2e729d
  ZendeskChatSDK: 389196ae1688de1104ac05a40c5f89a9e76db838
  ZendeskCommonUISDK: 92ca6b16956430a2cb61c89aeaa6ca123d1f81fd
  ZendeskMessagingAPISDK: 986919a8f6f11a7019660d1ff798f1efb42fa572
  ZendeskMessagingSDK: bf9a06f0cbb219617d9cf60a46aba1b68c8f3b30
  ZendeskSDKConfigurationsSDK: 45fa87ec8418697f7fce5e56bec472052f0aedb5

PODFILE CHECKSUM: 7368163408c647b7eb699d0d788ba6718e18fb8d

COCOAPODS: 1.10.0
